
Microsoft Visual Studio Solution File, Format Version 12.00
# Visual Studio Version 16
VisualStudioVersion = 16.0.34031.81
MinimumVisualStudioVersion = 10.0.40219.1
Project("{2150E333-8FDC-42A3-9474-1A3956D46DE8}") = "Task0", "Task0", "{E6A344FA-BA88-484E-A79E-1FDCE877B8AC}"
EndProject
Project("{FAE04EC0-301F-11D3-BF4B-00C04F79EFBC}") = "Tyuiu.ChebulaevAG.Sprint5.Task0.V30", "Tyuiu.ChebulaevAG.Sprint5.Task0.V30\Tyuiu.ChebulaevAG.Sprint5.Task0.V30.csproj", "{64BBF6BB-645D-40C2-AF24-7B841B1524BB}"
EndProject
Project("{FAE04EC0-301F-11D3-BF4B-00C04F79EFBC}") = "Tyuiu.ChebulaevAG.Sprint5.Task0.V30.Lib", "Tyuiu.ChebulaevAG.Sprint5.Task0.V30.Lib\Tyuiu.ChebulaevAG.Sprint5.Task0.V30.Lib.csproj", "{A05844C3-E65D-4E07-8D4E-CB32D1EF3B1D}"
EndProject
Project("{FAE04EC0-301F-11D3-BF4B-00C04F79EFBC}") = "Tyuiu.ChebulaevAG.Sprint5.Task0.V30.Test", "Tyuiu.ChebulaevAG.Sprint5.Task0.V30.Test\Tyuiu.ChebulaevAG.Sprint5.Task0.V30.Test.csproj", "{F473F544-E259-4593-B26D-CED777CED572}"
EndProject
Project("{2150E333-8FDC-42A3-9474-1A3956D46DE8}") = "Task1", "Task1", "{DE564729-8B74-4DA3-91B4-132144D54EDF}"
EndProject
Project("{FAE04EC0-301F-11D3-BF4B-00C04F79EFBC}") = "Tyuiu.ChebulaevAG.Sprint5.Task1.V11", "Tyuiu.ChebulaevAG.Sprint5.Task1.V11\Tyuiu.ChebulaevAG.Sprint5.Task1.V11.csproj", "{3D73BD8B-4EE2-48EF-88A0-632849DB903B}"
EndProject
Project("{FAE04EC0-301F-11D3-BF4B-00C04F79EFBC}") = "Tyuiu.ChebulaevAG.Sprint5.Task1.V11.Lib", "Tyuiu.ChebulaevAG.Sprint5.Task1.V11.Lib\Tyuiu.ChebulaevAG.Sprint5.Task1.V11.Lib.csproj", "{3BD3E177-3F9C-47BD-8B70-67A44EF4B419}"
EndProject
Project("{FAE04EC0-301F-11D3-BF4B-00C04F79EFBC}") = "Tyuiu.ChebulaevAG.Sprint5.Task1.V11.Test", "Tyuiu.ChebulaevAG.Sprint5.Task1.V11.Test\Tyuiu.ChebulaevAG.Sprint5.Task1.V11.Test.csproj", "{4E74C7C4-1F20-4AD3-8095-6372AF30378B}"
EndProject
Project("{2150E333-8FDC-42A3-9474-1A3956D46DE8}") = "Task2", "Task2", "{75C6984C-701A-426A-ADD8-46BD9CD54209}"
EndProject
Project("{FAE04EC0-301F-11D3-BF4B-00C04F79EFBC}") = "Tyuiu.ChebulaevAG.Sprint5.Task2.V23", "Tyuiu.ChebulaevAG.Sprint5.Task2.V23\Tyuiu.ChebulaevAG.Sprint5.Task2.V23.csproj", "{12F68A52-EFE7-491B-92C5-BF8F9AB1DB43}"
EndProject
Project("{FAE04EC0-301F-11D3-BF4B-00C04F79EFBC}") = "Tyuiu.ChebulaevAG.Sprint5.Task2.V23.Lib", "Tyuiu.ChebulaevAG.Sprint5.Task2.V23.Lib\Tyuiu.ChebulaevAG.Sprint5.Task2.V23.Lib.csproj", "{FCA7398B-49DE-42B5-8AA6-A89D2E20DE0A}"
EndProject
Project("{FAE04EC0-301F-11D3-BF4B-00C04F79EFBC}") = "Tyuiu.ChebulaevAG.Sprint5.Task2.V23.Test", "Tyuiu.ChebulaevAG.Sprint5.Task2.V23.Test\Tyuiu.ChebulaevAG.Sprint5.Task2.V23.Test.csproj", "{D6A0F40C-BD42-4D12-932B-73F9299D71AF}"
EndProject
Project("{2150E333-8FDC-42A3-9474-1A3956D46DE8}") = "Task3", "Task3", "{73AE2961-93BF-48E1-B518-F8D663786748}"
EndProject
Project("{FAE04EC0-301F-11D3-BF4B-00C04F79EFBC}") = "Tyuiu.ChebulaevAG.Sprint5.Task3.V16", "Tyuiu.ChebulaevAG.Sprint5.Task3.V16\Tyuiu.ChebulaevAG.Sprint5.Task3.V16.csproj", "{30414FA3-EA6B-4F3B-BFA9-7B8B2DE8EEA1}"
EndProject
Project("{FAE04EC0-301F-11D3-BF4B-00C04F79EFBC}") = "Tyuiu.ChebulaevAG.Sprint5.Task3.V16.Lib", "Tyuiu.ChebulaevAG.Sprint5.Task3.V16.Lib\Tyuiu.ChebulaevAG.Sprint5.Task3.V16.Lib.csproj", "{8BF7776C-E7C9-4C8B-9939-294589A312B2}"
EndProject
Project("{FAE04EC0-301F-11D3-BF4B-00C04F79EFBC}") = "Tyuiu.ChebulaevAG.Sprint5.Task3.V16.Test", "Tyuiu.ChebulaevAG.Sprint5.Task3.V16.Test\Tyuiu.ChebulaevAG.Sprint5.Task3.V16.Test.csproj", "{D408411D-7FD1-424B-81EC-7EA7FB3210E4}"
EndProject
Project("{2150E333-8FDC-42A3-9474-1A3956D46DE8}") = "Task4", "Task4", "{543E8CEB-1F00-47A1-8ECB-6BDDE4D3DDD0}"
EndProject
Project("{FAE04EC0-301F-11D3-BF4B-00C04F79EFBC}") = "Tyuiu.ChebulaevAG.Sprint5.Task4.V1", "Tyuiu.ChebulaevAG.Sprint5.Task4.V1\Tyuiu.ChebulaevAG.Sprint5.Task4.V1.csproj", "{80D37D13-B252-4EEB-8984-F54C83D2B967}"
EndProject
Project("{FAE04EC0-301F-11D3-BF4B-00C04F79EFBC}") = "Tyuiu.ChebulaevAG.Sprint5.Task4.V1.Lib", "Tyuiu.ChebulaevAG.Sprint5.Task4.V1.Lib\Tyuiu.ChebulaevAG.Sprint5.Task4.V1.Lib.csproj", "{ADF94E9F-29C4-4D90-9D37-258F3794E096}"
EndProject
Project("{FAE04EC0-301F-11D3-BF4B-00C04F79EFBC}") = "Tyuiu.ChebulaevAG.Sprint5.Task4.V1.Test", "Tyuiu.ChebulaevAG.Sprint5.Task4.V1.Test\Tyuiu.ChebulaevAG.Sprint5.Task4.V1.Test.csproj", "{CCD7499B-895A-4753-864A-55C393941739}"
EndProject
Global
	GlobalSection(SolutionConfigurationPlatforms) = preSolution
		Debug|Any CPU = Debug|Any CPU
		Release|Any CPU = Release|Any CPU
	EndGlobalSection
	GlobalSection(ProjectConfigurationPlatforms) = postSolution
		{64BBF6BB-645D-40C2-AF24-7B841B1524BB}.Debug|Any CPU.ActiveCfg = Debug|Any CPU
		{64BBF6BB-645D-40C2-AF24-7B841B1524BB}.Debug|Any CPU.Build.0 = Debug|Any CPU
		{64BBF6BB-645D-40C2-AF24-7B841B1524BB}.Release|Any CPU.ActiveCfg = Release|Any CPU
		{64BBF6BB-645D-40C2-AF24-7B841B1524BB}.Release|Any CPU.Build.0 = Release|Any CPU
		{A05844C3-E65D-4E07-8D4E-CB32D1EF3B1D}.Debug|Any CPU.ActiveCfg = Debug|Any CPU
		{A05844C3-E65D-4E07-8D4E-CB32D1EF3B1D}.Debug|Any CPU.Build.0 = Debug|Any CPU
		{A05844C3-E65D-4E07-8D4E-CB32D1EF3B1D}.Release|Any CPU.ActiveCfg = Release|Any CPU
		{A05844C3-E65D-4E07-8D4E-CB32D1EF3B1D}.Release|Any CPU.Build.0 = Release|Any CPU
		{F473F544-E259-4593-B26D-CED777CED572}.Debug|Any CPU.ActiveCfg = Debug|Any CPU
		{F473F544-E259-4593-B26D-CED777CED572}.Debug|Any CPU.Build.0 = Debug|Any CPU
		{F473F544-E259-4593-B26D-CED777CED572}.Release|Any CPU.ActiveCfg = Release|Any CPU
		{F473F544-E259-4593-B26D-CED777CED572}.Release|Any CPU.Build.0 = Release|Any CPU
		{3D73BD8B-4EE2-48EF-88A0-632849DB903B}.Debug|Any CPU.ActiveCfg = Debug|Any CPU
		{3D73BD8B-4EE2-48EF-88A0-632849DB903B}.Debug|Any CPU.Build.0 = Debug|Any CPU
		{3D73BD8B-4EE2-48EF-88A0-632849DB903B}.Release|Any CPU.ActiveCfg = Release|Any CPU
		{3D73BD8B-4EE2-48EF-88A0-632849DB903B}.Release|Any CPU.Build.0 = Release|Any CPU
		{3BD3E177-3F9C-47BD-8B70-67A44EF4B419}.Debug|Any CPU.ActiveCfg = Debug|Any CPU
		{3BD3E177-3F9C-47BD-8B70-67A44EF4B419}.Debug|Any CPU.Build.0 = Debug|Any CPU
		{3BD3E177-3F9C-47BD-8B70-67A44EF4B419}.Release|Any CPU.ActiveCfg = Release|Any CPU
		{3BD3E177-3F9C-47BD-8B70-67A44EF4B419}.Release|Any CPU.Build.0 = Release|Any CPU
		{4E74C7C4-1F20-4AD3-8095-6372AF30378B}.Debug|Any CPU.ActiveCfg = Debug|Any CPU
		{4E74C7C4-1F20-4AD3-8095-6372AF30378B}.Debug|Any CPU.Build.0 = Debug|Any CPU
		{4E74C7C4-1F20-4AD3-8095-6372AF30378B}.Release|Any CPU.ActiveCfg = Release|Any CPU
		{4E74C7C4-1F20-4AD3-8095-6372AF30378B}.Release|Any CPU.Build.0 = Release|Any CPU
		{12F68A52-EFE7-491B-92C5-BF8F9AB1DB43}.Debug|Any CPU.ActiveCfg = Debug|Any CPU
		{12F68A52-EFE7-491B-92C5-BF8F9AB1DB43}.Debug|Any CPU.Build.0 = Debug|Any CPU
		{12F68A52-EFE7-491B-92C5-BF8F9AB1DB43}.Release|Any CPU.ActiveCfg = Release|Any CPU
		{12F68A52-EFE7-491B-92C5-BF8F9AB1DB43}.Release|Any CPU.Build.0 = Release|Any CPU
		{FCA7398B-49DE-42B5-8AA6-A89D2E20DE0A}.Debug|Any CPU.ActiveCfg = Debug|Any CPU
		{FCA7398B-49DE-42B5-8AA6-A89D2E20DE0A}.Debug|Any CPU.Build.0 = Debug|Any CPU
		{FCA7398B-49DE-42B5-8AA6-A89D2E20DE0A}.Release|Any CPU.ActiveCfg = Release|Any CPU
		{FCA7398B-49DE-42B5-8AA6-A89D2E20DE0A}.Release|Any CPU.Build.0 = Release|Any CPU
		{D6A0F40C-BD42-4D12-932B-73F9299D71AF}.Debug|Any CPU.ActiveCfg = Debug|Any CPU
		{D6A0F40C-BD42-4D12-932B-73F9299D71AF}.Debug|Any CPU.Build.0 = Debug|Any CPU
		{D6A0F40C-BD42-4D12-932B-73F9299D71AF}.Release|Any CPU.ActiveCfg = Release|Any CPU
		{D6A0F40C-BD42-4D12-932B-73F9299D71AF}.Release|Any CPU.Build.0 = Release|Any CPU
		{30414FA3-EA6B-4F3B-BFA9-7B8B2DE8EEA1}.Debug|Any CPU.ActiveCfg = Debug|Any CPU
		{30414FA3-EA6B-4F3B-BFA9-7B8B2DE8EEA1}.Debug|Any CPU.Build.0 = Debug|Any CPU
		{30414FA3-EA6B-4F3B-BFA9-7B8B2DE8EEA1}.Release|Any CPU.ActiveCfg = Release|Any CPU
		{30414FA3-EA6B-4F3B-BFA9-7B8B2DE8EEA1}.Release|Any CPU.Build.0 = Release|Any CPU
		{8BF7776C-E7C9-4C8B-9939-294589A312B2}.Debug|Any CPU.ActiveCfg = Debug|Any CPU
		{8BF7776C-E7C9-4C8B-9939-294589A312B2}.Debug|Any CPU.Build.0 = Debug|Any CPU
		{8BF7776C-E7C9-4C8B-9939-294589A312B2}.Release|Any CPU.ActiveCfg = Release|Any CPU
		{8BF7776C-E7C9-4C8B-9939-294589A312B2}.Release|Any CPU.Build.0 = Release|Any CPU
		{D408411D-7FD1-424B-81EC-7EA7FB3210E4}.Debug|Any CPU.ActiveCfg = Debug|Any CPU
		{D408411D-7FD1-424B-81EC-7EA7FB3210E4}.Debug|Any CPU.Build.0 = Debug|Any CPU
		{D408411D-7FD1-424B-81EC-7EA7FB3210E4}.Release|Any CPU.ActiveCfg = Release|Any CPU
		{D408411D-7FD1-424B-81EC-7EA7FB3210E4}.Release|Any CPU.Build.0 = Release|Any CPU
		{80D37D13-B252-4EEB-8984-F54C83D2B967}.Debug|Any CPU.ActiveCfg = Debug|Any CPU
		{80D37D13-B252-4EEB-8984-F54C83D2B967}.Debug|Any CPU.Build.0 = Debug|Any CPU
		{80D37D13-B252-4EEB-8984-F54C83D2B967}.Release|Any CPU.ActiveCfg = Release|Any CPU
		{80D37D13-B252-4EEB-8984-F54C83D2B967}.Release|Any CPU.Build.0 = Release|Any CPU
		{ADF94E9F-29C4-4D90-9D37-258F3794E096}.Debug|Any CPU.ActiveCfg = Debug|Any CPU
		{ADF94E9F-29C4-4D90-9D37-258F3794E096}.Debug|Any CPU.Build.0 = Debug|Any CPU
		{ADF94E9F-29C4-4D90-9D37-258F3794E096}.Release|Any CPU.ActiveCfg = Release|Any CPU
		{ADF94E9F-29C4-4D90-9D37-258F3794E096}.Release|Any CPU.Build.0 = Release|Any CPU
		{CCD7499B-895A-4753-864A-55C393941739}.Debug|Any CPU.ActiveCfg = Debug|Any CPU
		{CCD7499B-895A-4753-864A-55C393941739}.Debug|Any CPU.Build.0 = Debug|Any CPU
		{CCD7499B-895A-4753-864A-55C393941739}.Release|Any CPU.ActiveCfg = Release|Any CPU
		{CCD7499B-895A-4753-864A-55C393941739}.Release|Any CPU.Build.0 = Release|Any CPU
	EndGlobalSection
	GlobalSection(SolutionProperties) = preSolution
		HideSolutionNode = FALSE
	EndGlobalSection
	GlobalSection(NestedProjects) = preSolution
		{64BBF6BB-645D-40C2-AF24-7B841B1524BB} = {E6A344FA-BA88-484E-A79E-1FDCE877B8AC}
		{A05844C3-E65D-4E07-8D4E-CB32D1EF3B1D} = {E6A344FA-BA88-484E-A79E-1FDCE877B8AC}
		{F473F544-E259-4593-B26D-CED777CED572} = {E6A344FA-BA88-484E-A79E-1FDCE877B8AC}
		{3D73BD8B-4EE2-48EF-88A0-632849DB903B} = {DE564729-8B74-4DA3-91B4-132144D54EDF}
		{3BD3E177-3F9C-47BD-8B70-67A44EF4B419} = {DE564729-8B74-4DA3-91B4-132144D54EDF}
		{4E74C7C4-1F20-4AD3-8095-6372AF30378B} = {DE564729-8B74-4DA3-91B4-132144D54EDF}
		{12F68A52-EFE7-491B-92C5-BF8F9AB1DB43} = {75C6984C-701A-426A-ADD8-46BD9CD54209}
		{FCA7398B-49DE-42B5-8AA6-A89D2E20DE0A} = {75C6984C-701A-426A-ADD8-46BD9CD54209}
		{D6A0F40C-BD42-4D12-932B-73F9299D71AF} = {75C6984C-701A-426A-ADD8-46BD9CD54209}
		{30414FA3-EA6B-4F3B-BFA9-7B8B2DE8EEA1} = {73AE2961-93BF-48E1-B518-F8D663786748}
		{8BF7776C-E7C9-4C8B-9939-294589A312B2} = {73AE2961-93BF-48E1-B518-F8D663786748}
		{D408411D-7FD1-424B-81EC-7EA7FB3210E4} = {73AE2961-93BF-48E1-B518-F8D663786748}
		{80D37D13-B252-4EEB-8984-F54C83D2B967} = {543E8CEB-1F00-47A1-8ECB-6BDDE4D3DDD0}
		{ADF94E9F-29C4-4D90-9D37-258F3794E096} = {543E8CEB-1F00-47A1-8ECB-6BDDE4D3DDD0}
		{CCD7499B-895A-4753-864A-55C393941739} = {543E8CEB-1F00-47A1-8ECB-6BDDE4D3DDD0}
	EndGlobalSection
	GlobalSection(ExtensibilityGlobals) = postSolution
		SolutionGuid = {C4769AAD-845D-479D-9398-C12A5BC9D15B}
	EndGlobalSection
EndGlobal
